<Solution>
  <Folder Name="/src/">
    <Project Path="src/WindowsInstall.App/WindowsInstall.App.csproj" />
    <Project Path="src/WindowsInstall.Core/WindowsInstall.Core.csproj" />
    <Project Path="src/WindowsInstall.Windows/WindowsInstall.Windows.csproj" />
  </Folder>
  <Folder Name="/tests/">
    <Project Path="tests/WindowsInstall.Cleanup.Integration/WindowsInstall.Cleanup.Integration.csproj" />
    <Project Path="tests/WindowsInstall.Core.Tests/WindowsInstall.Core.Tests.csproj" />
    <Project Path="tests/WindowsInstall.Discovery.Integration/WindowsInstall.Discovery.Integration.csproj" />
  </Folder>
</Solution>
